
Microsoft Visual Studio Solution File, Format Version 12.00
# Visual Studio Version 17
VisualStudioVersion = 17.11.35222.181
MinimumVisualStudioVersion = 10.0.40219.1
Project("{FAE04EC0-301F-11D3-BF4B-00C04F79EFBC}") = "BanHang", "BanHang\BanHang.csproj", "{145060D3-473B-4D4C-80A4-50F8B612657E}"
EndProject
Global
	GlobalSection(SolutionConfigurationPlatforms) = preSolution
		Debug|Any CPU = Debug|Any CPU
		Release|Any CPU = Release|Any CPU
	EndGlobalSection
	GlobalSection(ProjectConfigurationPlatforms) = postSolution
		{145060D3-473B-4D4C-80A4-50F8B612657E}.Debug|Any CPU.ActiveCfg = Debug|Any CPU
		{145060D3-473B-4D4C-80A4-50F8B612657E}.Debug|Any CPU.Build.0 = Debug|Any CPU
		{145060D3-473B-4D4C-80A4-50F8B612657E}.Release|Any CPU.ActiveCfg = Release|Any CPU
		{145060D3-473B-4D4C-80A4-50F8B612657E}.Release|Any CPU.Build.0 = Release|Any CPU
	EndGlobalSection
	GlobalSection(SolutionProperties) = preSolution
		HideSolutionNode = FALSE
	EndGlobalSection
	GlobalSection(ExtensibilityGlobals) = postSolution
		SolutionGuid = {7B412F6C-18C6-4749-A262-EE3298F04A9A}
	EndGlobalSection
EndGlobal
